// !$*UTF8*$!
{
	archiveVersion = 1;
	classes = {
	};
	objectVersion = 48;
	objects = {

/* Begin PBXBuildFile section */
		06158857A4279EAC4169AA26 /* Pods_FlixUITests.framework in Frameworks */ = {isa = PBXBuildFile; fileRef = 641504425092CF6CA24E806D /* Pods_FlixUITests.framework */; };
		0A1AAF7E20268558009D0262 /* AppDelegate.swift in Sources */ = {isa = PBXBuildFile; fileRef = 0A1AAF7D20268558009D0262 /* AppDelegate.swift */; };
		0A1AAF8320268558009D0262 /* Main.storyboard in Resources */ = {isa = PBXBuildFile; fileRef = 0A1AAF8120268558009D0262 /* Main.storyboard */; };
		0A1AAF8520268558009D0262 /* Assets.xcassets in Resources */ = {isa = PBXBuildFile; fileRef = 0A1AAF8420268558009D0262 /* Assets.xcassets */; };
		0A1AAF8820268558009D0262 /* LaunchScreen.storyboard in Resources */ = {isa = PBXBuildFile; fileRef = 0A1AAF8620268558009D0262 /* LaunchScreen.storyboard */; };
		0A1AAF9320268558009D0262 /* FlixTests.swift in Sources */ = {isa = PBXBuildFile; fileRef = 0A1AAF9220268558009D0262 /* FlixTests.swift */; };
		0A1AAF9E20268558009D0262 /* FlixUITests.swift in Sources */ = {isa = PBXBuildFile; fileRef = 0A1AAF9D20268558009D0262 /* FlixUITests.swift */; };
		0A1AAFAC202687AC009D0262 /* NowPlayingViewController.swift in Sources */ = {isa = PBXBuildFile; fileRef = 0A1AAFAB202687AC009D0262 /* NowPlayingViewController.swift */; };
		0A1AAFAE2026903C009D0262 /* MovieCell.swift in Sources */ = {isa = PBXBuildFile; fileRef = 0A1AAFAD2026903C009D0262 /* MovieCell.swift */; };
		0A1AAFB420291A92009D0262 /* DetailViewController.swift in Sources */ = {isa = PBXBuildFile; fileRef = 0A1AAFB320291A92009D0262 /* DetailViewController.swift */; };
		6B74B89B6F025DBC4005D420 /* Pods_FlixTests.framework in Frameworks */ = {isa = PBXBuildFile; fileRef = 6A5A13348143B656A78C4759 /* Pods_FlixTests.framework */; };
		97BB6B3F854F9D37715A61CD /* Pods_Flix.framework in Frameworks */ = {isa = PBXBuildFile; fileRef = 43204312ABD3EE123C9D0DD8 /* Pods_Flix.framework */; };
/* End PBXBuildFile section */

/* Begin PBXContainerItemProxy section */
		0A1AAF8F20268558009D0262 /* PBXContainerItemProxy */ = {
			isa = PBXContainerItemProxy;
			containerPortal = 0A1AAF7220268558009D0262 /* Project object */;
			proxyType = 1;
			remoteGlobalIDString = 0A1AAF7920268558009D0262;
			remoteInfo = Flix;
		};
		0A1AAF9A20268558009D0262 /* PBXContainerItemProxy */ = {
			isa = PBXContainerItemProxy;
			containerPortal = 0A1AAF7220268558009D0262 /* Project object */;
			proxyType = 1;
			remoteGlobalIDString = 0A1AAF7920268558009D0262;
			remoteInfo = Flix;
		};
/* End PBXContainerItemProxy section */

/* Begin PBXFileReference section */
		0A1AAF7A20268558009D0262 /* Flix.app */ = {isa = PBXFileReference; explicitFileType = wrapper.application; includeInIndex = 0; path = Flix.app; sourceTree = BUILT_PRODUCTS_DIR; };
		0A1AAF7D20268558009D0262 /* AppDelegate.swift */ = {isa = PBXFileReference; lastKnownFileType = sourcecode.swift; path = AppDelegate.swift; sourceTree = "<group>"; };
		0A1AAF8220268558009D0262 /* Base */ = {isa = PBXFileReference; lastKnownFileType = file.storyboard; name = Base; path = Base.lproj/Main.storyboard; sourceTree = "<group>"; };
		0A1AAF8420268558009D0262 /* Assets.xcassets */ = {isa = PBXFileReference; lastKnownFileType = folder.assetcatalog; path = Assets.xcassets; sourceTree = "<group>"; };
		0A1AAF8720268558009D0262 /* Base */ = {isa = PBXFileReference; lastKnownFileType = file.storyboard; name = Base; path = Base.lproj/LaunchScreen.storyboard; sourceTree = "<group>"; };
		0A1AAF8920268558009D0262 /* Info.plist */ = {isa = PBXFileReference; lastKnownFileType = text.plist.xml; path = Info.plist; sourceTree = "<group>"; };
		0A1AAF8E20268558009D0262 /* FlixTests.xctest */ = {isa = PBXFileReference; explicitFileType = wrapper.cfbundle; includeInIndex = 0; path = FlixTests.xctest; sourceTree = BUILT_PRODUCTS_DIR; };
		0A1AAF9220268558009D0262 /* FlixTests.swift */ = {isa = PBXFileReference; lastKnownFileType = sourcecode.swift; path = FlixTests.swift; sourceTree = "<group>"; };
		0A1AAF9420268558009D0262 /* Info.plist */ = {isa = PBXFileReference; lastKnownFileType = text.plist.xml; path = Info.plist; sourceTree = "<group>"; };
		0A1AAF9920268558009D0262 /* FlixUITests.xctest */ = {isa = PBXFileReference; explicitFileType = wrapper.cfbundle; includeInIndex = 0; path = FlixUITests.xctest; sourceTree = BUILT_PRODUCTS_DIR; };
		0A1AAF9D20268558009D0262 /* FlixUITests.swift */ = {isa = PBXFileReference; lastKnownFileType = sourcecode.swift; path = FlixUITests.swift; sourceTree = "<group>"; };
		0A1AAF9F20268558009D0262 /* Info.plist */ = {isa = PBXFileReference; lastKnownFileType = text.plist.xml; path = Info.plist; sourceTree = "<group>"; };
		0A1AAFAB202687AC009D0262 /* NowPlayingViewController.swift */ = {isa = PBXFileReference; lastKnownFileType = sourcecode.swift; path = NowPlayingViewController.swift; sourceTree = "<group>"; };
		0A1AAFAD2026903C009D0262 /* MovieCell.swift */ = {isa = PBXFileReference; lastKnownFileType = sourcecode.swift; path = MovieCell.swift; sourceTree = "<group>"; };
		0A1AAFB320291A92009D0262 /* DetailViewController.swift */ = {isa = PBXFileReference; lastKnownFileType = sourcecode.swift; path = DetailViewController.swift; sourceTree = "<group>"; };
		2B69AA1B9C61E6D8555D6069 /* Pods-Flix.release.xcconfig */ = {isa = PBXFileReference; includeInIndex = 1; lastKnownFileType = text.xcconfig; name = "Pods-Flix.release.xcconfig"; path = "Pods/Target Support Files/Pods-Flix/Pods-Flix.release.xcconfig"; sourceTree = "<group>"; };
		383AF330212A24922B1931E3 /* Pods-FlixTests.release.xcconfig */ = {isa = PBXFileReference; includeInIndex = 1; lastKnownFileType = text.xcconfig; name = "Pods-FlixTests.release.xcconfig"; path = "Pods/Target Support Files/Pods-FlixTests/Pods-FlixTests.release.xcconfig"; sourceTree = "<group>"; };
		43204312ABD3EE123C9D0DD8 /* Pods_Flix.framework */ = {isa = PBXFileReference; explicitFileType = wrapper.framework; includeInIndex = 0; path = Pods_Flix.framework; sourceTree = BUILT_PRODUCTS_DIR; };
		55FB0F998889EEFB3B1D0D5C /* Pods-FlixTests.debug.xcconfig */ = {isa = PBXFileReference; includeInIndex = 1; lastKnownFileType = text.xcconfig; name = "Pods-FlixTests.debug.xcconfig"; path = "Pods/Target Support Files/Pods-FlixTests/Pods-FlixTests.debug.xcconfig"; sourceTree = "<group>"; };
		641504425092CF6CA24E806D /* Pods_FlixUITests.framework */ = {isa = PBXFileReference; explicitFileType = wrapper.framework; includeInIndex = 0; path = Pods_FlixUITests.framework; sourceTree = BUILT_PRODUCTS_DIR; };
		6A5A13348143B656A78C4759 /* Pods_FlixTests.framework */ = {isa = PBXFileReference; explicitFileType = wrapper.framework; includeInIndex = 0; path = Pods_FlixTests.framework; sourceTree = BUILT_PRODUCTS_DIR; };
		77DA2E4954BCFAEA1030BA59 /* Pods-FlixUITests.release.xcconfig */ = {isa = PBXFileReference; includeInIndex = 1; lastKnownFileType = text.xcconfig; name = "Pods-FlixUITests.release.xcconfig"; path = "Pods/Target Support Files/Pods-FlixUITests/Pods-FlixUITests.release.xcconfig"; sourceTree = "<group>"; };
		C5A17132DE045BF12236CBB2 /* Pods-Flix.debug.xcconfig */ = {isa = PBXFileReference; includeInIndex = 1; lastKnownFileType = text.xcconfig; name = "Pods-Flix.debug.xcconfig"; path = "Pods/Target Support Files/Pods-Flix/Pods-Flix.debug.xcconfig"; sourceTree = "<group>"; };
		E58549BB4B233F0F039598AE /* Pods-FlixUITests.debug.xcconfig */ = {isa = PBXFileReference; includeInIndex = 1; lastKnownFileType = text.xcconfig; name = "Pods-FlixUITests.debug.xcconfig"; path = "Pods/Target Support Files/Pods-FlixUITests/Pods-FlixUITests.debug.xcconfig"; sourceTree = "<group>"; };
/* End PBXFileReference section */

/* Begin PBXFrameworksBuildPhase section */
		0A1AAF7720268558009D0262 /* Frameworks */ = {
			isa = PBXFrameworksBuildPhase;
			buildActionMask = 2147483647;
			files = (
				97BB6B3F854F9D37715A61CD /* Pods_Flix.framework in Frameworks */,
			);
			runOnlyForDeploymentPostprocessing = 0;
		};
		0A1AAF8B20268558009D0262 /* Frameworks */ = {
			isa = PBXFrameworksBuildPhase;
			buildActionMask = 2147483647;
			files = (
				6B74B89B6F025DBC4005D420 /* Pods_FlixTests.framework in Frameworks */,
			);
			runOnlyForDeploymentPostprocessing = 0;
		};
		0A1AAF9620268558009D0262 /* Frameworks */ = {
			isa = PBXFrameworksBuildPhase;
			buildActionMask = 2147483647;
			files = (
				06158857A4279EAC4169AA26 /* Pods_FlixUITests.framework in Frameworks */,
			);
			runOnlyForDeploymentPostprocessing = 0;
		};
/* End PBXFrameworksBuildPhase section */

/* Begin PBXGroup section */
		0A1AAF7120268558009D0262 = {
			isa = PBXGroup;
			children = (
				0A1AAF7C20268558009D0262 /* Flix */,
				0A1AAF9120268558009D0262 /* FlixTests */,
				0A1AAF9C20268558009D0262 /* FlixUITests */,
				0A1AAF7B20268558009D0262 /* Products */,
				94681CEFFCBBAC5EECE26766 /* Pods */,
				D21BB094FA0FE22CA204F8BB /* Frameworks */,
			);
			sourceTree = "<group>";
		};
		0A1AAF7B20268558009D0262 /* Products */ = {
			isa = PBXGroup;
			children = (
				0A1AAF7A20268558009D0262 /* Flix.app */,
				0A1AAF8E20268558009D0262 /* FlixTests.xctest */,
				0A1AAF9920268558009D0262 /* FlixUITests.xctest */,
			);
			name = Products;
			sourceTree = "<group>";
		};
		0A1AAF7C20268558009D0262 /* Flix */ = {
			isa = PBXGroup;
			children = (
				0A1AAFB220291A4E009D0262 /* Views */,
				0A1AAFB120291A2B009D0262 /* View Controllers */,
				0A1AAF7D20268558009D0262 /* AppDelegate.swift */,
				0A1AAF8120268558009D0262 /* Main.storyboard */,
				0A1AAF8420268558009D0262 /* Assets.xcassets */,
				0A1AAF8620268558009D0262 /* LaunchScreen.storyboard */,
				0A1AAF8920268558009D0262 /* Info.plist */,
			);
			path = Flix;
			sourceTree = "<group>";
		};
		0A1AAF9120268558009D0262 /* FlixTests */ = {
			isa = PBXGroup;
			children = (
				0A1AAF9220268558009D0262 /* FlixTests.swift */,
				0A1AAF9420268558009D0262 /* Info.plist */,
			);
			path = FlixTests;
			sourceTree = "<group>";
		};
		0A1AAF9C20268558009D0262 /* FlixUITests */ = {
			isa = PBXGroup;
			children = (
				0A1AAF9D20268558009D0262 /* FlixUITests.swift */,
				0A1AAF9F20268558009D0262 /* Info.plist */,
			);
			path = FlixUITests;
			sourceTree = "<group>";
		};
		0A1AAFB120291A2B009D0262 /* View Controllers */ = {
			isa = PBXGroup;
			children = (
				0A1AAFAB202687AC009D0262 /* NowPlayingViewController.swift */,
				0A1AAFB320291A92009D0262 /* DetailViewController.swift */,
			);
			path = "View Controllers";
			sourceTree = "<group>";
		};
		0A1AAFB220291A4E009D0262 /* Views */ = {
			isa = PBXGroup;
			children = (
				0A1AAFAD2026903C009D0262 /* MovieCell.swift */,
			);
			path = Views;
			sourceTree = "<group>";
		};
		94681CEFFCBBAC5EECE26766 /* Pods */ = {
			isa = PBXGroup;
			children = (
				C5A17132DE045BF12236CBB2 /* Pods-Flix.debug.xcconfig */,
				2B69AA1B9C61E6D8555D6069 /* Pods-Flix.release.xcconfig */,
				55FB0F998889EEFB3B1D0D5C /* Pods-FlixTests.debug.xcconfig */,
				383AF330212A24922B1931E3 /* Pods-FlixTests.release.xcconfig */,
				E58549BB4B233F0F039598AE /* Pods-FlixUITests.debug.xcconfig */,
				77DA2E4954BCFAEA1030BA59 /* Pods-FlixUITests.release.xcconfig */,
			);
			name = Pods;
			sourceTree = "<group>";
		};
		D21BB094FA0FE22CA204F8BB /* Frameworks */ = {
			isa = PBXGroup;
			children = (
				43204312ABD3EE123C9D0DD8 /* Pods_Flix.framework */,
				6A5A13348143B656A78C4759 /* Pods_FlixTests.framework */,
				641504425092CF6CA24E806D /* Pods_FlixUITests.framework */,
			);
			name = Frameworks;
			sourceTree = "<group>";
		};
/* End PBXGroup section */

/* Begin PBXNativeTarget section */
		0A1AAF7920268558009D0262 /* Flix */ = {
			isa = PBXNativeTarget;
			buildConfigurationList = 0A1AAFA220268558009D0262 /* Build configuration list for PBXNativeTarget "Flix" */;
			buildPhases = (
				62A7F7FF99500D07926CA36F /* [CP] Check Pods Manifest.lock */,
				0A1AAF7620268558009D0262 /* Sources */,
				0A1AAF7720268558009D0262 /* Frameworks */,
				0A1AAF7820268558009D0262 /* Resources */,
				E65081E5B2E3EB169FD84EF4 /* [CP] Embed Pods Frameworks */,
				61BCA20A0917E4B7B5DCA321 /* [CP] Copy Pods Resources */,
			);
			buildRules = (
			);
			dependencies = (
			);
			name = Flix;
			productName = Flix;
			productReference = 0A1AAF7A20268558009D0262 /* Flix.app */;
			productType = "com.apple.product-type.application";
		};
		0A1AAF8D20268558009D0262 /* FlixTests */ = {
			isa = PBXNativeTarget;
			buildConfigurationList = 0A1AAFA520268558009D0262 /* Build configuration list for PBXNativeTarget "FlixTests" */;
			buildPhases = (
				66BBEE74DE3E750A52A1A386 /* [CP] Check Pods Manifest.lock */,
				0A1AAF8A20268558009D0262 /* Sources */,
				0A1AAF8B20268558009D0262 /* Frameworks */,
				0A1AAF8C20268558009D0262 /* Resources */,
				C367A9C598445E0FA6CB2121 /* [CP] Embed Pods Frameworks */,
				FD1324879AD17B85D61258FB /* [CP] Copy Pods Resources */,
			);
			buildRules = (
			);
			dependencies = (
				0A1AAF9020268558009D0262 /* PBXTargetDependency */,
			);
			name = FlixTests;
			productName = FlixTests;
			productReference = 0A1AAF8E20268558009D0262 /* FlixTests.xctest */;
			productType = "com.apple.product-type.bundle.unit-test";
		};
		0A1AAF9820268558009D0262 /* FlixUITests */ = {
			isa = PBXNativeTarget;
			buildConfigurationList = 0A1AAFA820268558009D0262 /* Build configuration list for PBXNativeTarget "FlixUITests" */;
			buildPhases = (
				E338034900EACCB06C21C032 /* [CP] Check Pods Manifest.lock */,
				0A1AAF9520268558009D0262 /* Sources */,
				0A1AAF9620268558009D0262 /* Frameworks */,
				0A1AAF9720268558009D0262 /* Resources */,
				2EBB26FB4FAFCDF2AF2F2C8D /* [CP] Embed Pods Frameworks */,
				4F1352FF04B3FE5FDE85DF44 /* [CP] Copy Pods Resources */,
			);
			buildRules = (
			);
			dependencies = (
				0A1AAF9B20268558009D0262 /* PBXTargetDependency */,
			);
			name = FlixUITests;
			productName = FlixUITests;
			productReference = 0A1AAF9920268558009D0262 /* FlixUITests.xctest */;
			productType = "com.apple.product-type.bundle.ui-testing";
		};
/* End PBXNativeTarget section */

/* Begin PBXProject section */
		0A1AAF7220268558009D0262 /* Project object */ = {
			isa = PBXProject;
			attributes = {
				LastSwiftUpdateCheck = 0920;
				LastUpgradeCheck = 0920;
				ORGANIZATIONNAME = JY;
				TargetAttributes = {
					0A1AAF7920268558009D0262 = {
						CreatedOnToolsVersion = 9.2;
						ProvisioningStyle = Automatic;
					};
					0A1AAF8D20268558009D0262 = {
						CreatedOnToolsVersion = 9.2;
						ProvisioningStyle = Automatic;
						TestTargetID = 0A1AAF7920268558009D0262;
					};
					0A1AAF9820268558009D0262 = {
						CreatedOnToolsVersion = 9.2;
						ProvisioningStyle = Automatic;
						TestTargetID = 0A1AAF7920268558009D0262;
					};
				};
			};
			buildConfigurationList = 0A1AAF7520268558009D0262 /* Build configuration list for PBXProject "Flix" */;
			compatibilityVersion = "Xcode 8.0";
			developmentRegion = en;
			hasScannedForEncodings = 0;
			knownRegions = (
				en,
				Base,
			);
			mainGroup = 0A1AAF7120268558009D0262;
			productRefGroup = 0A1AAF7B20268558009D0262 /* Products */;
			projectDirPath = "";
			projectRoot = "";
			targets = (
				0A1AAF7920268558009D0262 /* Flix */,
				0A1AAF8D20268558009D0262 /* FlixTests */,
				0A1AAF9820268558009D0262 /* FlixUITests */,
			);
		};
/* End PBXProject section */

/* Begin PBXResourcesBuildPhase section */
		0A1AAF7820268558009D0262 /* Resources */ = {
			isa = PBXResourcesBuildPhase;
			buildActionMask = 2147483647;
			files = (
				0A1AAF8820268558009D0262 /* LaunchScreen.storyboard in Resources */,
				0A1AAF8520268558009D0262 /* Assets.xcassets in Resources */,
				0A1AAF8320268558009D0262 /* Main.storyboard in Resources */,
			);
			runOnlyForDeploymentPostprocessing = 0;
		};
		0A1AAF8C20268558009D0262 /* Resources */ = {
			isa = PBXResourcesBuildPhase;
			buildActionMask = 2147483647;
			files = (
			);
			runOnlyForDeploymentPostprocessing = 0;
		};
		0A1AAF9720268558009D0262 /* Resources */ = {
			isa = PBXResourcesBuildPhase;
			buildActionMask = 2147483647;
			files = (
			);
			runOnlyForDeploymentPostprocessing = 0;
		};
/* End PBXResourcesBuildPhase section */

/* Begin PBXShellScriptBuildPhase section */
		2EBB26FB4FAFCDF2AF2F2C8D /* [CP] Embed Pods Frameworks */ = {
			isa = PBXShellScriptBuildPhase;
			buildActionMask = 2147483647;
			files = (
			);
			inputPaths = (
			);
			name = "[CP] Embed Pods Frameworks";
			outputPaths = (
			);
			runOnlyForDeploymentPostprocessing = 0;
			shellPath = /bin/sh;
			shellScript = "\"${SRCROOT}/Pods/Target Support Files/Pods-FlixUITests/Pods-FlixUITests-frameworks.sh\"\n";
			showEnvVarsInLog = 0;
		};
		4F1352FF04B3FE5FDE85DF44 /* [CP] Copy Pods Resources */ = {
			isa = PBXShellScriptBuildPhase;
			buildActionMask = 2147483647;
			files = (
			);
			inputPaths = (
			);
			name = "[CP] Copy Pods Resources";
			outputPaths = (
			);
			runOnlyForDeploymentPostprocessing = 0;
			shellPath = /bin/sh;
			shellScript = "\"${SRCROOT}/Pods/Target Support Files/Pods-FlixUITests/Pods-FlixUITests-resources.sh\"\n";
			showEnvVarsInLog = 0;
		};
		61BCA20A0917E4B7B5DCA321 /* [CP] Copy Pods Resources */ = {
			isa = PBXShellScriptBuildPhase;
			buildActionMask = 2147483647;
			files = (
			);
			inputPaths = (
			);
			name = "[CP] Copy Pods Resources";
			outputPaths = (
			);
			runOnlyForDeploymentPostprocessing = 0;
			shellPath = /bin/sh;
			shellScript = "\"${SRCROOT}/Pods/Target Support Files/Pods-Flix/Pods-Flix-resources.sh\"\n";
			showEnvVarsInLog = 0;
		};
		62A7F7FF99500D07926CA36F /* [CP] Check Pods Manifest.lock */ = {
			isa = PBXShellScriptBuildPhase;
			buildActionMask = 2147483647;
			files = (
			);
			inputPaths = (
				"${PODS_PODFILE_DIR_PATH}/Podfile.lock",
				"${PODS_ROOT}/Manifest.lock",
			);
			name = "[CP] Check Pods Manifest.lock";
			outputPaths = (
				"$(DERIVED_FILE_DIR)/Pods-Flix-checkManifestLockResult.txt",
			);
			runOnlyForDeploymentPostprocessing = 0;
			shellPath = /bin/sh;
			shellScript = "diff \"${PODS_PODFILE_DIR_PATH}/Podfile.lock\" \"${PODS_ROOT}/Manifest.lock\" > /dev/null\nif [ $? != 0 ] ; then\n    # print error to STDERR\n    echo \"error: The sandbox is not in sync with the Podfile.lock. Run 'pod install' or update your CocoaPods installation.\" >&2\n    exit 1\nfi\n# This output is used by Xcode 'outputs' to avoid re-running this script phase.\necho \"SUCCESS\" > \"${SCRIPT_OUTPUT_FILE_0}\"\n";
			showEnvVarsInLog = 0;
		};
		66BBEE74DE3E750A52A1A386 /* [CP] Check Pods Manifest.lock */ = {
			isa = PBXShellScriptBuildPhase;
			buildActionMask = 2147483647;
			files = (
			);
			inputPaths = (
				"${PODS_PODFILE_DIR_PATH}/Podfile.lock",
				"${PODS_ROOT}/Manifest.lock",
			);
			name = "[CP] Check Pods Manifest.lock";
			outputPaths = (
				"$(DERIVED_FILE_DIR)/Pods-FlixTests-checkManifestLockResult.txt",
			);
			runOnlyForDeploymentPostprocessing = 0;
			shellPath = /bin/sh;
			shellScript = "diff \"${PODS_PODFILE_DIR_PATH}/Podfile.lock\" \"${PODS_ROOT}/Manifest.lock\" > /dev/null\nif [ $? != 0 ] ; then\n    # print error to STDERR\n    echo \"error: The sandbox is not in sync with the Podfile.lock. Run 'pod install' or update your CocoaPods installation.\" >&2\n    exit 1\nfi\n# This output is used by Xcode 'outputs' to avoid re-running this script phase.\necho \"SUCCESS\" > \"${SCRIPT_OUTPUT_FILE_0}\"\n";
			showEnvVarsInLog = 0;
		};
		C367A9C598445E0FA6CB2121 /* [CP] Embed Pods Frameworks */ = {
			isa = PBXShellScriptBuildPhase;
			buildActionMask = 2147483647;
			files = (
			);
			inputPaths = (
			);
			name = "[CP] Embed Pods Frameworks";
			outputPaths = (
			);
			runOnlyForDeploymentPostprocessing = 0;
			shellPath = /bin/sh;
			shellScript = "\"${SRCROOT}/Pods/Target Support Files/Pods-FlixTests/Pods-FlixTests-frameworks.sh\"\n";
			showEnvVarsInLog = 0;
		};
		E338034900EACCB06C21C032 /* [CP] Check Pods Manifest.lock */ = {
			isa = PBXShellScriptBuildPhase;
			buildActionMask = 2147483647;
			files = (
			);
			inputPaths = (
				"${PODS_PODFILE_DIR_PATH}/Podfile.lock",
				"${PODS_ROOT}/Manifest.lock",
			);
			name = "[CP] Check Pods Manifest.lock";
			outputPaths = (
				"$(DERIVED_FILE_DIR)/Pods-FlixUITests-checkManifestLockResult.txt",
			);
			runOnlyForDeploymentPostprocessing = 0;
			shellPath = /bin/sh;
			shellScript = "diff \"${PODS_PODFILE_DIR_PATH}/Podfile.lock\" \"${PODS_ROOT}/Manifest.lock\" > /dev/null\nif [ $? != 0 ] ; then\n    # print error to STDERR\n    echo \"error: The sandbox is not in sync with the Podfile.lock. Run 'pod install' or update your CocoaPods installation.\" >&2\n    exit 1\nfi\n# This output is used by Xcode 'outputs' to avoid re-running this script phase.\necho \"SUCCESS\" > \"${SCRIPT_OUTPUT_FILE_0}\"\n";
			showEnvVarsInLog = 0;
		};
		E65081E5B2E3EB169FD84EF4 /* [CP] Embed Pods Frameworks */ = {
			isa = PBXShellScriptBuildPhase;
			buildActionMask = 2147483647;
			files = (
			);
			inputPaths = (
				"${SRCROOT}/Pods/Target Support Files/Pods-Flix/Pods-Flix-frameworks.sh",
				"${BUILT_PRODUCTS_DIR}/Alamofire/Alamofire.framework",
				"${BUILT_PRODUCTS_DIR}/AlamofireImage/AlamofireImage.framework",
			);
			name = "[CP] Embed Pods Frameworks";
			outputPaths = (
				"${TARGET_BUILD_DIR}/${FRAMEWORKS_FOLDER_PATH}/Alamofire.framework",
				"${TARGET_BUILD_DIR}/${FRAMEWORKS_FOLDER_PATH}/AlamofireImage.framework",
			);
			runOnlyForDeploymentPostprocessing = 0;
			shellPath = /bin/sh;
			shellScript = "\"${SRCROOT}/Pods/Target Support Files/Pods-Flix/Pods-Flix-frameworks.sh\"\n";
			showEnvVarsInLog = 0;
		};
		FD1324879AD17B85D61258FB /* [CP] Copy Pods Resources */ = {
			isa = PBXShellScriptBuildPhase;
			buildActionMask = 2147483647;
			files = (
			);
			inputPaths = (
			);
			name = "[CP] Copy Pods Resources";
			outputPaths = (
			);
			runOnlyForDeploymentPostprocessing = 0;
			shellPath = /bin/sh;
			shellScript = "\"${SRCROOT}/Pods/Target Support Files/Pods-FlixTests/Pods-FlixTests-resources.sh\"\n";
			showEnvVarsInLog = 0;
		};
/* End PBXShellScriptBuildPhase section */

/* Begin PBXSourcesBuildPhase section */
		0A1AAF7620268558009D0262 /* Sources */ = {
			isa = PBXSourcesBuildPhase;
			buildActionMask = 2147483647;
			files = (
				0A1AAFAC202687AC009D0262 /* NowPlayingViewController.swift in Sources */,
				0A1AAF7E20268558009D0262 /* AppDelegate.swift in Sources */,
				0A1AAFAE2026903C009D0262 /* MovieCell.swift in Sources */,
				0A1AAFB420291A92009D0262 /* DetailViewController.swift in Sources */,
			);
			runOnlyForDeploymentPostprocessing = 0;
		};
		0A1AAF8A20268558009D0262 /* Sources */ = {
			isa = PBXSourcesBuildPhase;
			buildActionMask = 2147483647;
			files = (
				0A1AAF9320268558009D0262 /* FlixTests.swift in Sources */,
			);
			runOnlyForDeploymentPostprocessing = 0;
		};
		0A1AAF9520268558009D0262 /* Sources */ = {
			isa = PBXSourcesBuildPhase;
			buildActionMask = 2147483647;
			files = (
				0A1AAF9E20268558009D0262 /* FlixUITests.swift in Sources */,
			);
			runOnlyForDeploymentPostprocessing = 0;
		};
/* End PBXSourcesBuildPhase section */

/* Begin PBXTargetDependency section */
		0A1AAF9020268558009D0262 /* PBXTargetDependency */ = {
			isa = PBXTargetDependency;
			target = 0A1AAF7920268558009D0262 /* Flix */;
			targetProxy = 0A1AAF8F20268558009D0262 /* PBXContainerItemProxy */;
		};
		0A1AAF9B20268558009D0262 /* PBXTargetDependency */ = {
			isa = PBXTargetDependency;
			target = 0A1AAF7920268558009D0262 /* Flix */;
			targetProxy = 0A1AAF9A20268558009D0262 /* PBXContainerItemProxy */;
		};
/* End PBXTargetDependency section */

/* Begin PBXVariantGroup section */
		0A1AAF8120268558009D0262 /* Main.storyboard */ = {
			isa = PBXVariantGroup;
			children = (
				0A1AAF8220268558009D0262 /* Base */,
			);
			name = Main.storyboard;
			sourceTree = "<group>";
		};
		0A1AAF8620268558009D0262 /* LaunchScreen.storyboard */ = {
			isa = PBXVariantGroup;
			children = (
				0A1AAF8720268558009D0262 /* Base */,
			);
			name = LaunchScreen.storyboard;
			sourceTree = "<group>";
		};
/* End PBXVariantGroup section */

/* Begin XCBuildConfiguration section */
		0A1AAFA020268558009D0262 /* Debug */ = {
			isa = XCBuildConfiguration;
			buildSettings = {
				ALWAYS_SEARCH_USER_PATHS = NO;
				CLANG_ANALYZER_NONNULL = YES;
				CLANG_ANALYZER_NUMBER_OBJECT_CONVERSION = YES_AGGRESSIVE;
				CLANG_CXX_LANGUAGE_STANDARD = "gnu++14";
				CLANG_CXX_LIBRARY = "libc++";
				CLANG_ENABLE_MODULES = YES;
				CLANG_ENABLE_OBJC_ARC = YES;
				CLANG_WARN_BLOCK_CAPTURE_AUTORELEASING = YES;
				CLANG_WARN_BOOL_CONVERSION = YES;
				CLANG_WARN_COMMA = YES;
				CLANG_WARN_CONSTANT_CONVERSION = YES;
				CLANG_WARN_DIRECT_OBJC_ISA_USAGE = YES_ERROR;
				CLANG_WARN_DOCUMENTATION_COMMENTS = YES;
				CLANG_WARN_EMPTY_BODY = YES;
				CLANG_WARN_ENUM_CONVERSION = YES;
				CLANG_WARN_INFINITE_RECURSION = YES;
				CLANG_WARN_INT_CONVERSION = YES;
				CLANG_WARN_NON_LITERAL_NULL_CONVERSION = YES;
				CLANG_WARN_OBJC_LITERAL_CONVERSION = YES;
				CLANG_WARN_OBJC_ROOT_CLASS = YES_ERROR;
				CLANG_WARN_RANGE_LOOP_ANALYSIS = YES;
				CLANG_WARN_STRICT_PROTOTYPES = YES;
				CLANG_WARN_SUSPICIOUS_MOVE = YES;
				CLANG_WARN_UNGUARDED_AVAILABILITY = YES_AGGRESSIVE;
				CLANG_WARN_UNREACHABLE_CODE = YES;
				CLANG_WARN__DUPLICATE_METHOD_MATCH = YES;
				CODE_SIGN_IDENTITY = "iPhone Developer";
				COPY_PHASE_STRIP = NO;
				DEBUG_INFORMATION_FORMAT = dwarf;
				ENABLE_STRICT_OBJC_MSGSEND = YES;
				ENABLE_TESTABILITY = YES;
				GCC_C_LANGUAGE_STANDARD = gnu11;
				GCC_DYNAMIC_NO_PIC = NO;
				GCC_NO_COMMON_BLOCKS = YES;
				GCC_OPTIMIZATION_LEVEL = 0;
				GCC_PREPROCESSOR_DEFINITIONS = (
					"DEBUG=1",
					"$(inherited)",
				);
				GCC_WARN_64_TO_32_BIT_CONVERSION = YES;
				GCC_WARN_ABOUT_RETURN_TYPE = YES_ERROR;
				GCC_WARN_UNDECLARED_SELECTOR = YES;
				GCC_WARN_UNINITIALIZED_AUTOS = YES_AGGRESSIVE;
				GCC_WARN_UNUSED_FUNCTION = YES;
				GCC_WARN_UNUSED_VARIABLE = YES;
				IPHONEOS_DEPLOYMENT_TARGET = 11.2;
				MTL_ENABLE_DEBUG_INFO = YES;
				ONLY_ACTIVE_ARCH = YES;
				SDKROOT = iphoneos;
				SWIFT_ACTIVE_COMPILATION_CONDITIONS = DEBUG;
				SWIFT_OPTIMIZATION_LEVEL = "-Onone";
			};
			name = Debug;
		};
		0A1AAFA120268558009D0262 /* Release */ = {
			isa = XCBuildConfiguration;
			buildSettings = {
				ALWAYS_SEARCH_USER_PATHS = NO;
				CLANG_ANALYZER_NONNULL = YES;
				CLANG_ANALYZER_NUMBER_OBJECT_CONVERSION = YES_AGGRESSIVE;
				CLANG_CXX_LANGUAGE_STANDARD = "gnu++14";
				CLANG_CXX_LIBRARY = "libc++";
				CLANG_ENABLE_MODULES = YES;
				CLANG_ENABLE_OBJC_ARC = YES;
				CLANG_WARN_BLOCK_CAPTURE_AUTORELEASING = YES;
				CLANG_WARN_BOOL_CONVERSION = YES;
				CLANG_WARN_COMMA = YES;
				CLANG_WARN_CONSTANT_CONVERSION = YES;
				CLANG_WARN_DIRECT_OBJC_ISA_USAGE = YES_ERROR;
				CLANG_WARN_DOCUMENTATION_COMMENTS = YES;
				CLANG_WARN_EMPTY_BODY = YES;
				CLANG_WARN_ENUM_CONVERSION = YES;
				CLANG_WARN_INFINITE_RECURSION = YES;
				CLANG_WARN_INT_CONVERSION = YES;
				CLANG_WARN_NON_LITERAL_NULL_CONVERSION = YES;
				CLANG_WARN_OBJC_LITERAL_CONVERSION = YES;
				CLANG_WARN_OBJC_ROOT_CLASS = YES_ERROR;
				CLANG_WARN_RANGE_LOOP_ANALYSIS = YES;
				CLANG_WARN_STRICT_PROTOTYPES = YES;
				CLANG_WARN_SUSPICIOUS_MOVE = YES;
				CLANG_WARN_UNGUARDED_AVAILABILITY = YES_AGGRESSIVE;
				CLANG_WARN_UNREACHABLE_CODE = YES;
				CLANG_WARN__DUPLICATE_METHOD_MATCH = YES;
				CODE_SIGN_IDENTITY = "iPhone Developer";
				COPY_PHASE_STRIP = NO;
				DEBUG_INFORMATION_FORMAT = "dwarf-with-dsym";
				ENABLE_NS_ASSERTIONS = NO;
				ENABLE_STRICT_OBJC_MSGSEND = YES;
				GCC_C_LANGUAGE_STANDARD = gnu11;
				GCC_NO_COMMON_BLOCKS = YES;
				GCC_WARN_64_TO_32_BIT_CONVERSION = YES;
				GCC_WARN_ABOUT_RETURN_TYPE = YES_ERROR;
				GCC_WARN_UNDECLARED_SELECTOR = YES;
				GCC_WARN_UNINITIALIZED_AUTOS = YES_AGGRESSIVE;
				GCC_WARN_UNUSED_FUNCTION = YES;
				GCC_WARN_UNUSED_VARIABLE = YES;
				IPHONEOS_DEPLOYMENT_TARGET = 11.2;
				MTL_ENABLE_DEBUG_INFO = NO;
				SDKROOT = iphoneos;
				SWIFT_OPTIMIZATION_LEVEL = "-Owholemodule";
				VALIDATE_PRODUCT = YES;
			};
			name = Release;
		};
		0A1AAFA320268558009D0262 /* Debug */ = {
			isa = XCBuildConfiguration;
			baseConfigurationReference = C5A17132DE045BF12236CBB2 /* Pods-Flix.debug.xcconfig */;
			buildSettings = {
				ASSETCATALOG_COMPILER_APPICON_NAME = AppIcon;
				CODE_SIGN_STYLE = Automatic;
				INFOPLIST_FILE = Flix/Info.plist;
				LD_RUNPATH_SEARCH_PATHS = "$(inherited) @executable_path/Frameworks";
				PRODUCT_BUNDLE_IDENTIFIER = edu.csumb.yjing.Flix;
				PRODUCT_NAME = "$(TARGET_NAME)";
				SWIFT_VERSION = 4.0;
				TARGETED_DEVICE_FAMILY = "1,2";
			};
			name = Debug;
		};
		0A1AAFA420268558009D0262 /* Release */ = {
			isa = XCBuildConfiguration;
			baseConfigurationReference = 2B69AA1B9C61E6D8555D6069 /* Pods-Flix.release.xcconfig */;
			buildSettings = {
				ASSETCATALOG_COMPILER_APPICON_NAME = AppIcon;
				CODE_SIGN_STYLE = Automatic;
				INFOPLIST_FILE = Flix/Info.plist;
				LD_RUNPATH_SEARCH_PATHS = "$(inherited) @executable_path/Frameworks";
				PRODUCT_BUNDLE_IDENTIFIER = edu.csumb.yjing.Flix;
				PRODUCT_NAME = "$(TARGET_NAME)";
				SWIFT_VERSION = 4.0;
				TARGETED_DEVICE_FAMILY = "1,2";
			};
			name = Release;
		};
		0A1AAFA620268558009D0262 /* Debug */ = {
			isa = XCBuildConfiguration;
			baseConfigurationReference = 55FB0F998889EEFB3B1D0D5C /* Pods-FlixTests.debug.xcconfig */;
			buildSettings = {
				ALWAYS_EMBED_SWIFT_STANDARD_LIBRARIES = YES;
				BUNDLE_LOADER = "$(TEST_HOST)";
				CODE_SIGN_STYLE = Automatic;
				INFOPLIST_FILE = FlixTests/Info.plist;
				LD_RUNPATH_SEARCH_PATHS = "$(inherited) @executable_path/Frameworks @loader_path/Frameworks";
				PRODUCT_BUNDLE_IDENTIFIER = edu.csumb.yjing.FlixTests;
				PRODUCT_NAME = "$(TARGET_NAME)";
				SWIFT_VERSION = 4.0;
				TARGETED_DEVICE_FAMILY = "1,2";
				TEST_HOST = "$(BUILT_PRODUCTS_DIR)/Flix.app/Flix";
			};
			name = Debug;
		};
		0A1AAFA720268558009D0262 /* Release */ = {
			isa = XCBuildConfiguration;
			baseConfigurationReference = 383AF330212A24922B1931E3 /* Pods-FlixTests.release.xcconfig */;
			buildSettings = {
				ALWAYS_EMBED_SWIFT_STANDARD_LIBRARIES = YES;
				BUNDLE_LOADER = "$(TEST_HOST)";
				CODE_SIGN_STYLE = Automatic;
				INFOPLIST_FILE = FlixTests/Info.plist;
				LD_RUNPATH_SEARCH_PATHS = "$(inherited) @executable_path/Frameworks @loader_path/Frameworks";
				PRODUCT_BUNDLE_IDENTIFIER = edu.csumb.yjing.FlixTests;
				PRODUCT_NAME = "$(TARGET_NAME)";
				SWIFT_VERSION = 4.0;
				TARGETED_DEVICE_FAMILY = "1,2";
				TEST_HOST = "$(BUILT_PRODUCTS_DIR)/Flix.app/Flix";
			};
			name = Release;
		};
		0A1AAFA920268558009D0262 /* Debug */ = {
			isa = XCBuildConfiguration;
			baseConfigurationReference = E58549BB4B233F0F039598AE /* Pods-FlixUITests.debug.xcconfig */;
			buildSettings = {
				ALWAYS_EMBED_SWIFT_STANDARD_LIBRARIES = YES;
				CODE_SIGN_STYLE = Automatic;
				INFOPLIST_FILE = FlixUITests/Info.plist;
				LD_RUNPATH_SEARCH_PATHS = "$(inherited) @executable_path/Frameworks @loader_path/Frameworks";
				PRODUCT_BUNDLE_IDENTIFIER = edu.csumb.yjing.FlixUITests;
				PRODUCT_NAME = "$(TARGET_NAME)";
				SWIFT_VERSION = 4.0;
				TARGETED_DEVICE_FAMILY = "1,2";
				TEST_TARGET_NAME = Flix;
			};
			name = Debug;
		};
		0A1AAFAA20268558009D0262 /* Release */ = {
			isa = XCBuildConfiguration;
			baseConfigurationReference = 77DA2E4954BCFAEA1030BA59 /* Pods-FlixUITests.release.xcconfig */;
			buildSettings = {
				ALWAYS_EMBED_SWIFT_STANDARD_LIBRARIES = YES;
				CODE_SIGN_STYLE = Automatic;
				INFOPLIST_FILE = FlixUITests/Info.plist;
				LD_RUNPATH_SEARCH_PATHS = "$(inherited) @executable_path/Frameworks @loader_path/Frameworks";
				PRODUCT_BUNDLE_IDENTIFIER = edu.csumb.yjing.FlixUITests;
				PRODUCT_NAME = "$(TARGET_NAME)";
				SWIFT_VERSION = 4.0;
				TARGETED_DEVICE_FAMILY = "1,2";
				TEST_TARGET_NAME = Flix;
			};
			name = Release;
		};
/* End XCBuildConfiguration section */

/* Begin XCConfigurationList section */
		0A1AAF7520268558009D0262 /* Build configuration list for PBXProject "Flix" */ = {
			isa = XCConfigurationList;
			buildConfigurations = (
				0A1AAFA020268558009D0262 /* Debug */,
				0A1AAFA120268558009D0262 /* Release */,
			);
			defaultConfigurationIsVisible = 0;
			defaultConfigurationName = Release;
		};
		0A1AAFA220268558009D0262 /* Build configuration list for PBXNativeTarget "Flix" */ = {
			isa = XCConfigurationList;
			buildConfigurations = (
				0A1AAFA320268558009D0262 /* Debug */,
				0A1AAFA420268558009D0262 /* Release */,
			);
			defaultConfigurationIsVisible = 0;
			defaultConfigurationName = Release;
		};
		0A1AAFA520268558009D0262 /* Build configuration list for PBXNativeTarget "FlixTests" */ = {
			isa = XCConfigurationList;
			buildConfigurations = (
				0A1AAFA620268558009D0262 /* Debug */,
				0A1AAFA720268558009D0262 /* Release */,
			);
			defaultConfigurationIsVisible = 0;
			defaultConfigurationName = Release;
		};
		0A1AAFA820268558009D0262 /* Build configuration list for PBXNativeTarget "FlixUITests" */ = {
			isa = XCConfigurationList;
			buildConfigurations = (
				0A1AAFA920268558009D0262 /* Debug */,
				0A1AAFAA20268558009D0262 /* Release */,
			);
			defaultConfigurationIsVisible = 0;
			defaultConfigurationName = Release;
		};
/* End XCConfigurationList section */
	};
	rootObject = 0A1AAF7220268558009D0262 /* Project object */;
}
